// !$*UTF8*$!
{
	archiveVersion = 1;
	classes = {
	};
	objectVersion = 56;
	objects = {

/* Begin PBXBuildFile section */
		042A8A3E2A88AF30004E134C /* ProfilePresenter.swift in Sources */ = {isa = PBXBuildFile; fileRef = 042A8A352A88AF30004E134C /* ProfilePresenter.swift */; };
		042A8A3F2A88AF30004E134C /* ProfileWorker.swift in Sources */ = {isa = PBXBuildFile; fileRef = 042A8A362A88AF30004E134C /* ProfileWorker.swift */; };
		042A8A402A88AF30004E134C /* ProfileRouter.swift in Sources */ = {isa = PBXBuildFile; fileRef = 042A8A372A88AF30004E134C /* ProfileRouter.swift */; };
		042A8A412A88AF30004E134C /* ProfileModel.swift in Sources */ = {isa = PBXBuildFile; fileRef = 042A8A382A88AF30004E134C /* ProfileModel.swift */; };
		042A8A422A88AF30004E134C /* ProfileView.swift in Sources */ = {isa = PBXBuildFile; fileRef = 042A8A392A88AF30004E134C /* ProfileView.swift */; };
		042A8A432A88AF30004E134C /* ProfileInteractor.swift in Sources */ = {isa = PBXBuildFile; fileRef = 042A8A3A2A88AF30004E134C /* ProfileInteractor.swift */; };
		042A8A442A88AF30004E134C /* ProfileConfigurator.swift in Sources */ = {isa = PBXBuildFile; fileRef = 042A8A3B2A88AF30004E134C /* ProfileConfigurator.swift */; };
		04CE7F1F2A88885A0069732B /* SwiftUIxVIP.swift in Sources */ = {isa = PBXBuildFile; fileRef = 04CE7F1E2A88885A0069732B /* SwiftUIxVIP.swift */; };
		04CE7F232A88885A0069732B /* Assets.xcassets in Resources */ = {isa = PBXBuildFile; fileRef = 04CE7F222A88885A0069732B /* Assets.xcassets */; };
		04CE7F262A88885A0069732B /* Preview Assets.xcassets in Resources */ = {isa = PBXBuildFile; fileRef = 04CE7F252A88885A0069732B /* Preview Assets.xcassets */; };
/* End PBXBuildFile section */

/* Begin PBXFileReference section */
		042A8A352A88AF30004E134C /* ProfilePresenter.swift */ = {isa = PBXFileReference; lastKnownFileType = sourcecode.swift; path = ProfilePresenter.swift; sourceTree = "<group>"; };
		042A8A362A88AF30004E134C /* ProfileWorker.swift */ = {isa = PBXFileReference; lastKnownFileType = sourcecode.swift; path = ProfileWorker.swift; sourceTree = "<group>"; };
		042A8A372A88AF30004E134C /* ProfileRouter.swift */ = {isa = PBXFileReference; lastKnownFileType = sourcecode.swift; path = ProfileRouter.swift; sourceTree = "<group>"; };
		042A8A382A88AF30004E134C /* ProfileModel.swift */ = {isa = PBXFileReference; lastKnownFileType = sourcecode.swift; path = ProfileModel.swift; sourceTree = "<group>"; };
		042A8A392A88AF30004E134C /* ProfileView.swift */ = {isa = PBXFileReference; lastKnownFileType = sourcecode.swift; path = ProfileView.swift; sourceTree = "<group>"; };
		042A8A3A2A88AF30004E134C /* ProfileInteractor.swift */ = {isa = PBXFileReference; lastKnownFileType = sourcecode.swift; path = ProfileInteractor.swift; sourceTree = "<group>"; };
		042A8A3B2A88AF30004E134C /* ProfileConfigurator.swift */ = {isa = PBXFileReference; lastKnownFileType = sourcecode.swift; path = ProfileConfigurator.swift; sourceTree = "<group>"; };
		04CE7F1B2A88885A0069732B /* SwiftUIxVIP.app */ = {isa = PBXFileReference; explicitFileType = wrapper.application; includeInIndex = 0; path = SwiftUIxVIP.app; sourceTree = BUILT_PRODUCTS_DIR; };
		04CE7F1E2A88885A0069732B /* SwiftUIxVIP.swift */ = {isa = PBXFileReference; lastKnownFileType = sourcecode.swift; path = SwiftUIxVIP.swift; sourceTree = "<group>"; };
		04CE7F222A88885A0069732B /* Assets.xcassets */ = {isa = PBXFileReference; lastKnownFileType = folder.assetcatalog; path = Assets.xcassets; sourceTree = "<group>"; };
		04CE7F252A88885A0069732B /* Preview Assets.xcassets */ = {isa = PBXFileReference; lastKnownFileType = folder.assetcatalog; path = "Preview Assets.xcassets"; sourceTree = "<group>"; };
/* End PBXFileReference section */

/* Begin PBXFrameworksBuildPhase section */
		04CE7F182A88885A0069732B /* Frameworks */ = {
			isa = PBXFrameworksBuildPhase;
			buildActionMask = 2147483647;
			files = (
			);
			runOnlyForDeploymentPostprocessing = 0;
		};
/* End PBXFrameworksBuildPhase section */

/* Begin PBXGroup section */
		042A8A212A88AEEE004E134C /* Profile */ = {
			isa = PBXGroup;
			children = (
				042A8A352A88AF30004E134C /* ProfilePresenter.swift */,
				042A8A372A88AF30004E134C /* ProfileRouter.swift */,
				042A8A382A88AF30004E134C /* ProfileModel.swift */,
				042A8A392A88AF30004E134C /* ProfileView.swift */,
				042A8A3A2A88AF30004E134C /* ProfileInteractor.swift */,
				042A8A3B2A88AF30004E134C /* ProfileConfigurator.swift */,
			);
			path = Profile;
			sourceTree = "<group>";
		};
		042A8A462A88C493004E134C /* Worker */ = {
			isa = PBXGroup;
			children = (
				042A8A362A88AF30004E134C /* ProfileWorker.swift */,
			);
			path = Worker;
			sourceTree = "<group>";
		};
		04CE7F122A88885A0069732B = {
			isa = PBXGroup;
			children = (
				04CE7F1D2A88885A0069732B /* SwiftUIxVIP */,
				04CE7F1C2A88885A0069732B /* Products */,
			);
			sourceTree = "<group>";
		};
		04CE7F1C2A88885A0069732B /* Products */ = {
			isa = PBXGroup;
			children = (
				04CE7F1B2A88885A0069732B /* SwiftUIxVIP.app */,
			);
			name = Products;
			sourceTree = "<group>";
		};
		04CE7F1D2A88885A0069732B /* SwiftUIxVIP */ = {
			isa = PBXGroup;
			children = (
				042A8A462A88C493004E134C /* Worker */,
				042A8A212A88AEEE004E134C /* Profile */,
				04CE7F1E2A88885A0069732B /* SwiftUIxVIP.swift */,
				04CE7F222A88885A0069732B /* Assets.xcassets */,
				04CE7F242A88885A0069732B /* Preview Content */,
			);
			path = SwiftUIxVIP;
			sourceTree = "<group>";
		};
		04CE7F242A88885A0069732B /* Preview Content */ = {
			isa = PBXGroup;
			children = (
				04CE7F252A88885A0069732B /* Preview Assets.xcassets */,
			);
			path = "Preview Content";
			sourceTree = "<group>";
		};
/* End PBXGroup section */

/* Begin PBXNativeTarget section */
		04CE7F1A2A88885A0069732B /* SwiftUIxVIP */ = {
			isa = PBXNativeTarget;
			buildConfigurationList = 04CE7F292A88885A0069732B /* Build configuration list for PBXNativeTarget "SwiftUIxVIP" */;
			buildPhases = (
				04CE7F172A88885A0069732B /* Sources */,
				04CE7F182A88885A0069732B /* Frameworks */,
				04CE7F192A88885A0069732B /* Resources */,
			);
			buildRules = (
			);
			dependencies = (
			);
			name = SwiftUIxVIP;
			productName = DemoVIP;
			productReference = 04CE7F1B2A88885A0069732B /* SwiftUIxVIP.app */;
			productType = "com.apple.product-type.application";
		};
/* End PBXNativeTarget section */

/* Begin PBXProject section */
		04CE7F132A88885A0069732B /* Project object */ = {
			isa = PBXProject;
			attributes = {
				BuildIndependentTargetsInParallel = 1;
				LastSwiftUpdateCheck = 1420;
				LastUpgradeCheck = 1420;
				TargetAttributes = {
					04CE7F1A2A88885A0069732B = {
						CreatedOnToolsVersion = 14.2;
					};
				};
			};
			buildConfigurationList = 04CE7F162A88885A0069732B /* Build configuration list for PBXProject "SwiftUIxVIP" */;
			compatibilityVersion = "Xcode 14.0";
			developmentRegion = en;
			hasScannedForEncodings = 0;
			knownRegions = (
				en,
				Base,
			);
			mainGroup = 04CE7F122A88885A0069732B;
			productRefGroup = 04CE7F1C2A88885A0069732B /* Products */;
			projectDirPath = "";
			projectRoot = "";
			targets = (
				04CE7F1A2A88885A0069732B /* SwiftUIxVIP */,
			);
		};
/* End PBXProject section */

/* Begin PBXResourcesBuildPhase section */
		04CE7F192A88885A0069732B /* Resources */ = {
			isa = PBXResourcesBuildPhase;
			buildActionMask = 2147483647;
			files = (
				04CE7F262A88885A0069732B /* Preview Assets.xcassets in Resources */,
				04CE7F232A88885A0069732B /* Assets.xcassets in Resources */,
			);
			runOnlyForDeploymentPostprocessing = 0;
		};
/* End PBXResourcesBuildPhase section */

/* Begin PBXSourcesBuildPhase section */
		04CE7F172A88885A0069732B /* Sources */ = {
			isa = PBXSourcesBuildPhase;
			buildActionMask = 2147483647;
			files = (
				042A8A3F2A88AF30004E134C /* ProfileWorker.swift in Sources */,
				04CE7F1F2A88885A0069732B /* SwiftUIxVIP.swift in Sources */,
				042A8A412A88AF30004E134C /* ProfileModel.swift in Sources */,
				042A8A422A88AF30004E134C /* ProfileView.swift in Sources */,
				042A8A3E2A88AF30004E134C /* ProfilePresenter.swift in Sources */,
				042A8A432A88AF30004E134C /* ProfileInteractor.swift in Sources */,
				042A8A442A88AF30004E134C /* ProfileConfigurator.swift in Sources */,
				042A8A402A88AF30004E134C /* ProfileRouter.swift in Sources */,
			);
			runOnlyForDeploymentPostprocessing = 0;
		};
/* End PBXSourcesBuildPhase section */

/* Begin XCBuildConfiguration section */
		04CE7F272A88885A0069732B /* Debug */ = {
			isa = XCBuildConfiguration;
			buildSettings = {
				ALWAYS_SEARCH_USER_PATHS = NO;
				CLANG_ANALYZER_NONNULL = YES;
				CLANG_ANALYZER_NUMBER_OBJECT_CONVERSION = YES_AGGRESSIVE;
				CLANG_CXX_LANGUAGE_STANDARD = "gnu++20";
				CLANG_ENABLE_MODULES = YES;
				CLANG_ENABLE_OBJC_ARC = YES;
				CLANG_ENABLE_OBJC_WEAK = YES;
				CLANG_WARN_BLOCK_CAPTURE_AUTORELEASING = YES;
				CLANG_WARN_BOOL_CONVERSION = YES;
				CLANG_WARN_COMMA = YES;
				CLANG_WARN_CONSTANT_CONVERSION = YES;
				CLANG_WARN_DEPRECATED_OBJC_IMPLEMENTATIONS = YES;
				CLANG_WARN_DIRECT_OBJC_ISA_USAGE = YES_ERROR;
				CLANG_WARN_DOCUMENTATION_COMMENTS = YES;
				CLANG_WARN_EMPTY_BODY = YES;
				CLANG_WARN_ENUM_CONVERSION = YES;
				CLANG_WARN_INFINITE_RECURSION = YES;
				CLANG_WARN_INT_CONVERSION = YES;
				CLANG_WARN_NON_LITERAL_NULL_CONVERSION = YES;
				CLANG_WARN_OBJC_IMPLICIT_RETAIN_SELF = YES;
				CLANG_WARN_OBJC_LITERAL_CONVERSION = YES;
				CLANG_WARN_OBJC_ROOT_CLASS = YES_ERROR;
				CLANG_WARN_QUOTED_INCLUDE_IN_FRAMEWORK_HEADER = YES;
				CLANG_WARN_RANGE_LOOP_ANALYSIS = YES;
				CLANG_WARN_STRICT_PROTOTYPES = YES;
				CLANG_WARN_SUSPICIOUS_MOVE = YES;
				CLANG_WARN_UNGUARDED_AVAILABILITY = YES_AGGRESSIVE;
				CLANG_WARN_UNREACHABLE_CODE = YES;
				CLANG_WARN__DUPLICATE_METHOD_MATCH = YES;
				COPY_PHASE_STRIP = NO;
				DEBUG_INFORMATION_FORMAT = dwarf;
				ENABLE_STRICT_OBJC_MSGSEND = YES;
				ENABLE_TESTABILITY = YES;
				GCC_C_LANGUAGE_STANDARD = gnu11;
				GCC_DYNAMIC_NO_PIC = NO;
				GCC_NO_COMMON_BLOCKS = YES;
				GCC_OPTIMIZATION_LEVEL = 0;
				GCC_PREPROCESSOR_DEFINITIONS = (
					"DEBUG=1",
					"$(inherited)",
				);
				GCC_WARN_64_TO_32_BIT_CONVERSION = YES;
				GCC_WARN_ABOUT_RETURN_TYPE = YES_ERROR;
				GCC_WARN_UNDECLARED_SELECTOR = YES;
				GCC_WARN_UNINITIALIZED_AUTOS = YES_AGGRESSIVE;
				GCC_WARN_UNUSED_FUNCTION = YES;
				GCC_WARN_UNUSED_VARIABLE = YES;
				IPHONEOS_DEPLOYMENT_TARGET = 16.2;
				MTL_ENABLE_DEBUG_INFO = INCLUDE_SOURCE;
				MTL_FAST_MATH = YES;
				ONLY_ACTIVE_ARCH = YES;
				SDKROOT = iphoneos;
				SWIFT_ACTIVE_COMPILATION_CONDITIONS = DEBUG;
				SWIFT_OPTIMIZATION_LEVEL = "-Onone";
			};
			name = Debug;
		};
		04CE7F282A88885A0069732B /* Release */ = {
			isa = XCBuildConfiguration;
			buildSettings = {
				ALWAYS_SEARCH_USER_PATHS = NO;
				CLANG_ANALYZER_NONNULL = YES;
				CLANG_ANALYZER_NUMBER_OBJECT_CONVERSION = YES_AGGRESSIVE;
				CLANG_CXX_LANGUAGE_STANDARD = "gnu++20";
				CLANG_ENABLE_MODULES = YES;
				CLANG_ENABLE_OBJC_ARC = YES;
				CLANG_ENABLE_OBJC_WEAK = YES;
				CLANG_WARN_BLOCK_CAPTURE_AUTORELEASING = YES;
				CLANG_WARN_BOOL_CONVERSION = YES;
				CLANG_WARN_COMMA = YES;
				CLANG_WARN_CONSTANT_CONVERSION = YES;
				CLANG_WARN_DEPRECATED_OBJC_IMPLEMENTATIONS = YES;
				CLANG_WARN_DIRECT_OBJC_ISA_USAGE = YES_ERROR;
				CLANG_WARN_DOCUMENTATION_COMMENTS = YES;
				CLANG_WARN_EMPTY_BODY = YES;
				CLANG_WARN_ENUM_CONVERSION = YES;
				CLANG_WARN_INFINITE_RECURSION = YES;
				CLANG_WARN_INT_CONVERSION = YES;
				CLANG_WARN_NON_LITERAL_NULL_CONVERSION = YES;
				CLANG_WARN_OBJC_IMPLICIT_RETAIN_SELF = YES;
				CLANG_WARN_OBJC_LITERAL_CONVERSION = YES;
				CLANG_WARN_OBJC_ROOT_CLASS = YES_ERROR;
				CLANG_WARN_QUOTED_INCLUDE_IN_FRAMEWORK_HEADER = YES;
				CLANG_WARN_RANGE_LOOP_ANALYSIS = YES;
				CLANG_WARN_STRICT_PROTOTYPES = YES;
				CLANG_WARN_SUSPICIOUS_MOVE = YES;
				CLANG_WARN_UNGUARDED_AVAILABILITY = YES_AGGRESSIVE;
				CLANG_WARN_UNREACHABLE_CODE = YES;
				CLANG_WARN__DUPLICATE_METHOD_MATCH = YES;
				COPY_PHASE_STRIP = NO;
				DEBUG_INFORMATION_FORMAT = "dwarf-with-dsym";
				ENABLE_NS_ASSERTIONS = NO;
				ENABLE_STRICT_OBJC_MSGSEND = YES;
				GCC_C_LANGUAGE_STANDARD = gnu11;
				GCC_NO_COMMON_BLOCKS = YES;
				GCC_WARN_64_TO_32_BIT_CONVERSION = YES;
				GCC_WARN_ABOUT_RETURN_TYPE = YES_ERROR;
				GCC_WARN_UNDECLARED_SELECTOR = YES;
				GCC_WARN_UNINITIALIZED_AUTOS = YES_AGGRESSIVE;
				GCC_WARN_UNUSED_FUNCTION = YES;
				GCC_WARN_UNUSED_VARIABLE = YES;
				IPHONEOS_DEPLOYMENT_TARGET = 16.2;
				MTL_ENABLE_DEBUG_INFO = NO;
				MTL_FAST_MATH = YES;
				SDKROOT = iphoneos;
				SWIFT_COMPILATION_MODE = wholemodule;
				SWIFT_OPTIMIZATION_LEVEL = "-O";
				VALIDATE_PRODUCT = YES;
			};
			name = Release;
		};
		04CE7F2A2A88885A0069732B /* Debug */ = {
			isa = XCBuildConfiguration;
			buildSettings = {
				ASSETCATALOG_COMPILER_APPICON_NAME = AppIcon;
				ASSETCATALOG_COMPILER_GLOBAL_ACCENT_COLOR_NAME = AccentColor;
				CODE_SIGN_STYLE = Automatic;
				CURRENT_PROJECT_VERSION = 1;
				DEVELOPMENT_ASSET_PATHS = "\"SwiftUIxVIP/Preview Content\"";
				DEVELOPMENT_TEAM = 9L4ETSWFUJ;
				ENABLE_PREVIEWS = YES;
				GENERATE_INFOPLIST_FILE = YES;
				INFOPLIST_KEY_UIApplicationSceneManifest_Generation = YES;
				INFOPLIST_KEY_UIApplicationSupportsIndirectInputEvents = YES;
				INFOPLIST_KEY_UILaunchScreen_Generation = YES;
				INFOPLIST_KEY_UISupportedInterfaceOrientations_iPad = "UIInterfaceOrientationPortrait UIInterfaceOrientationPortraitUpsideDown UIInterfaceOrientationLandscapeLeft UIInterfaceOrientationLandscapeRight";
				INFOPLIST_KEY_UISupportedInterfaceOrientations_iPhone = "UIInterfaceOrientationPortrait UIInterfaceOrientationLandscapeLeft UIInterfaceOrientationLandscapeRight";
				LD_RUNPATH_SEARCH_PATHS = (
					"$(inherited)",
					"@executable_path/Frameworks",
				);
				MARKETING_VERSION = 1.0;
				PRODUCT_BUNDLE_IDENTIFIER = csukra.DemoVIP;
				PRODUCT_NAME = "$(TARGET_NAME)";
				SWIFT_EMIT_LOC_STRINGS = YES;
				SWIFT_VERSION = 5.0;
				TARGETED_DEVICE_FAMILY = "1,2";
			};
			name = Debug;
		};
		04CE7F2B2A88885A0069732B /* Release */ = {
			isa = XCBuildConfiguration;
			buildSettings = {
				ASSETCATALOG_COMPILER_APPICON_NAME = AppIcon;
				ASSETCATALOG_COMPILER_GLOBAL_ACCENT_COLOR_NAME = AccentColor;
				CODE_SIGN_STYLE = Automatic;
				CURRENT_PROJECT_VERSION = 1;
				DEVELOPMENT_ASSET_PATHS = "\"SwiftUIxVIP/Preview Content\"";
				DEVELOPMENT_TEAM = 9L4ETSWFUJ;
				ENABLE_PREVIEWS = YES;
				GENERATE_INFOPLIST_FILE = YES;
				INFOPLIST_KEY_UIApplicationSceneManifest_Generation = YES;
				INFOPLIST_KEY_UIApplicationSupportsIndirectInputEvents = YES;
				INFOPLIST_KEY_UILaunchScreen_Generation = YES;
				INFOPLIST_KEY_UISupportedInterfaceOrientations_iPad = "UIInterfaceOrientationPortrait UIInterfaceOrientationPortraitUpsideDown UIInterfaceOrientationLandscapeLeft UIInterfaceOrientationLandscapeRight";
				INFOPLIST_KEY_UISupportedInterfaceOrientations_iPhone = "UIInterfaceOrientationPortrait UIInterfaceOrientationLandscapeLeft UIInterfaceOrientationLandscapeRight";
				LD_RUNPATH_SEARCH_PATHS = (
					"$(inherited)",
					"@executable_path/Frameworks",
				);
				MARKETING_VERSION = 1.0;
				PRODUCT_BUNDLE_IDENTIFIER = csukra.DemoVIP;
				PRODUCT_NAME = "$(TARGET_NAME)";
				SWIFT_EMIT_LOC_STRINGS = YES;
				SWIFT_VERSION = 5.0;
				TARGETED_DEVICE_FAMILY = "1,2";
			};
			name = Release;
		};
/* End XCBuildConfiguration section */

/* Begin XCConfigurationList section */
		04CE7F162A88885A0069732B /* Build configuration list for PBXProject "SwiftUIxVIP" */ = {
			isa = XCConfigurationList;
			buildConfigurations = (
				04CE7F272A88885A0069732B /* Debug */,
				04CE7F282A88885A0069732B /* Release */,
			);
			defaultConfigurationIsVisible = 0;
			defaultConfigurationName = Release;
		};
		04CE7F292A88885A0069732B /* Build configuration list for PBXNativeTarget "SwiftUIxVIP" */ = {
			isa = XCConfigurationList;
			buildConfigurations = (
				04CE7F2A2A88885A0069732B /* Debug */,
				04CE7F2B2A88885A0069732B /* Release */,
			);
			defaultConfigurationIsVisible = 0;
			defaultConfigurationName = Release;
		};
/* End XCConfigurationList section */
	};
	rootObject = 04CE7F132A88885A0069732B /* Project object */;
}
