// !$*UTF8*$!
{
	archiveVersion = 1;
	classes = {
	};
	objectVersion = 56;
	objects = {

/* Begin PBXBuildFile section */
		042A8A3E2A88AF30004E134C /* ProfilePresenter.swift in Sources */ = {isa = PBXBuildFile; fileRef = 042A8A352A88AF30004E134C /* ProfilePresenter.swift */; };
		042A8A3F2A88AF30004E134C /* ProfileWorker.swift in Sources */ = {isa = PBXBuildFile; fileRef = 042A8A362A88AF30004E134C /* ProfileWorker.swift */; };
		042A8A402A88AF30004E134C /* ProfileRouter.swift in Sources */ = {isa = PBXBuildFile; fileRef = 042A8A372A88AF30004E134C /* ProfileRouter.swift */; };
		042A8A412A88AF30004E134C /* ProfileModel.swift in Sources */ = {isa = PBXBuildFile; fileRef = 042A8A382A88AF30004E134C /* ProfileModel.swift */; };
		042A8A422A88AF30004E134C /* ProfileView.swift in Sources */ = {isa = PBXBuildFile; fileRef = 042A8A392A88AF30004E134C /* ProfileView.swift */; };
		042A8A432A88AF30004E134C /* ProfileInteractor.swift in Sources */ = {isa = PBXBuildFile; fileRef = 042A8A3A2A88AF30004E134C /* ProfileInteractor.swift */; };
		042A8A442A88AF30004E134C /* ProfileConfigurator.swift in Sources */ = {isa = PBXBuildFile; fileRef = 042A8A3B2A88AF30004E134C /* ProfileConfigurator.swift */; };
		042A8B332A89DC9F004E134C /* ProfileDataStore.swift in Sources */ = {isa = PBXBuildFile; fileRef = 042A8B322A89DC9F004E134C /* ProfileDataStore.swift */; };
		04BACEA32A8A24B8000B1357 /* ProfileViewTests.swift in Sources */ = {isa = PBXBuildFile; fileRef = 04BACEA22A8A24B8000B1357 /* ProfileViewTests.swift */; };
		04BACEAB2A8A2C9F000B1357 /* ProfileInteractorTests.swift in Sources */ = {isa = PBXBuildFile; fileRef = 04BACEAA2A8A2C9F000B1357 /* ProfileInteractorTests.swift */; };
		04BACEAD2A8A3B0A000B1357 /* ProfilePresenterTests.swift in Sources */ = {isa = PBXBuildFile; fileRef = 04BACEAC2A8A3B0A000B1357 /* ProfilePresenterTests.swift */; };
		04CE7F1F2A88885A0069732B /* SwiftUIxVIP.swift in Sources */ = {isa = PBXBuildFile; fileRef = 04CE7F1E2A88885A0069732B /* SwiftUIxVIP.swift */; };
		04CE7F232A88885A0069732B /* Assets.xcassets in Resources */ = {isa = PBXBuildFile; fileRef = 04CE7F222A88885A0069732B /* Assets.xcassets */; };
		04CE7F262A88885A0069732B /* Preview Assets.xcassets in Resources */ = {isa = PBXBuildFile; fileRef = 04CE7F252A88885A0069732B /* Preview Assets.xcassets */; };
		392B65680EF8BB6131B96FDA /* Pods_SwiftUIxVIP_SwiftUIxVIPTests.framework in Frameworks */ = {isa = PBXBuildFile; fileRef = 97C31D0742E20571286B87DF /* Pods_SwiftUIxVIP_SwiftUIxVIPTests.framework */; };
		9E482BFA865ABE92974C5DED /* Pods_SwiftUIxVIP.framework in Frameworks */ = {isa = PBXBuildFile; fileRef = CA7C7385547462DEC3915019 /* Pods_SwiftUIxVIP.framework */; };
/* End PBXBuildFile section */

/* Begin PBXContainerItemProxy section */
		04BACEA42A8A24B8000B1357 /* PBXContainerItemProxy */ = {
			isa = PBXContainerItemProxy;
			containerPortal = 04CE7F132A88885A0069732B /* Project object */;
			proxyType = 1;
			remoteGlobalIDString = 04CE7F1A2A88885A0069732B;
			remoteInfo = SwiftUIxVIP;
		};
/* End PBXContainerItemProxy section */

/* Begin PBXFileReference section */
		042A8A352A88AF30004E134C /* ProfilePresenter.swift */ = {isa = PBXFileReference; lastKnownFileType = sourcecode.swift; path = ProfilePresenter.swift; sourceTree = "<group>"; };
		042A8A362A88AF30004E134C /* ProfileWorker.swift */ = {isa = PBXFileReference; lastKnownFileType = sourcecode.swift; path = ProfileWorker.swift; sourceTree = "<group>"; };
		042A8A372A88AF30004E134C /* ProfileRouter.swift */ = {isa = PBXFileReference; lastKnownFileType = sourcecode.swift; path = ProfileRouter.swift; sourceTree = "<group>"; };
		042A8A382A88AF30004E134C /* ProfileModel.swift */ = {isa = PBXFileReference; lastKnownFileType = sourcecode.swift; path = ProfileModel.swift; sourceTree = "<group>"; };
		042A8A392A88AF30004E134C /* ProfileView.swift */ = {isa = PBXFileReference; lastKnownFileType = sourcecode.swift; path = ProfileView.swift; sourceTree = "<group>"; };
		042A8A3A2A88AF30004E134C /* ProfileInteractor.swift */ = {isa = PBXFileReference; lastKnownFileType = sourcecode.swift; path = ProfileInteractor.swift; sourceTree = "<group>"; };
		042A8A3B2A88AF30004E134C /* ProfileConfigurator.swift */ = {isa = PBXFileReference; lastKnownFileType = sourcecode.swift; path = ProfileConfigurator.swift; sourceTree = "<group>"; };
		042A8B322A89DC9F004E134C /* ProfileDataStore.swift */ = {isa = PBXFileReference; lastKnownFileType = sourcecode.swift; path = ProfileDataStore.swift; sourceTree = "<group>"; };
		042A8B7A2A89EC9B004E134C /* Info.plist */ = {isa = PBXFileReference; lastKnownFileType = text.plist; path = Info.plist; sourceTree = "<group>"; };
		04BACEA02A8A24B8000B1357 /* SwiftUIxVIPTests.xctest */ = {isa = PBXFileReference; explicitFileType = wrapper.cfbundle; includeInIndex = 0; path = SwiftUIxVIPTests.xctest; sourceTree = BUILT_PRODUCTS_DIR; };
		04BACEA22A8A24B8000B1357 /* ProfileViewTests.swift */ = {isa = PBXFileReference; lastKnownFileType = sourcecode.swift; path = ProfileViewTests.swift; sourceTree = "<group>"; };
		04BACEAA2A8A2C9F000B1357 /* ProfileInteractorTests.swift */ = {isa = PBXFileReference; lastKnownFileType = sourcecode.swift; path = ProfileInteractorTests.swift; sourceTree = "<group>"; };
		04BACEAC2A8A3B0A000B1357 /* ProfilePresenterTests.swift */ = {isa = PBXFileReference; lastKnownFileType = sourcecode.swift; path = ProfilePresenterTests.swift; sourceTree = "<group>"; };
		04CE7F1B2A88885A0069732B /* SwiftUIxVIP.app */ = {isa = PBXFileReference; explicitFileType = wrapper.application; includeInIndex = 0; path = SwiftUIxVIP.app; sourceTree = BUILT_PRODUCTS_DIR; };
		04CE7F1E2A88885A0069732B /* SwiftUIxVIP.swift */ = {isa = PBXFileReference; lastKnownFileType = sourcecode.swift; path = SwiftUIxVIP.swift; sourceTree = "<group>"; };
		04CE7F222A88885A0069732B /* Assets.xcassets */ = {isa = PBXFileReference; lastKnownFileType = folder.assetcatalog; path = Assets.xcassets; sourceTree = "<group>"; };
		04CE7F252A88885A0069732B /* Preview Assets.xcassets */ = {isa = PBXFileReference; lastKnownFileType = folder.assetcatalog; path = "Preview Assets.xcassets"; sourceTree = "<group>"; };
		4AB891A285482FE2ED58117A /* Pods-SwiftUIxVIP-SwiftUIxVIPTests.debug.xcconfig */ = {isa = PBXFileReference; includeInIndex = 1; lastKnownFileType = text.xcconfig; name = "Pods-SwiftUIxVIP-SwiftUIxVIPTests.debug.xcconfig"; path = "Target Support Files/Pods-SwiftUIxVIP-SwiftUIxVIPTests/Pods-SwiftUIxVIP-SwiftUIxVIPTests.debug.xcconfig"; sourceTree = "<group>"; };
		97C31D0742E20571286B87DF /* Pods_SwiftUIxVIP_SwiftUIxVIPTests.framework */ = {isa = PBXFileReference; explicitFileType = wrapper.framework; includeInIndex = 0; path = Pods_SwiftUIxVIP_SwiftUIxVIPTests.framework; sourceTree = BUILT_PRODUCTS_DIR; };
		9D58D703B24C06D77BC328C9 /* Pods-SwiftUIxVIP.debug.xcconfig */ = {isa = PBXFileReference; includeInIndex = 1; lastKnownFileType = text.xcconfig; name = "Pods-SwiftUIxVIP.debug.xcconfig"; path = "Target Support Files/Pods-SwiftUIxVIP/Pods-SwiftUIxVIP.debug.xcconfig"; sourceTree = "<group>"; };
		C8CE9A06BD5322DABC55B4F4 /* Pods-SwiftUIxVIP.release.xcconfig */ = {isa = PBXFileReference; includeInIndex = 1; lastKnownFileType = text.xcconfig; name = "Pods-SwiftUIxVIP.release.xcconfig"; path = "Target Support Files/Pods-SwiftUIxVIP/Pods-SwiftUIxVIP.release.xcconfig"; sourceTree = "<group>"; };
		CA7C7385547462DEC3915019 /* Pods_SwiftUIxVIP.framework */ = {isa = PBXFileReference; explicitFileType = wrapper.framework; includeInIndex = 0; path = Pods_SwiftUIxVIP.framework; sourceTree = BUILT_PRODUCTS_DIR; };
		E9A02A37597CB017703951DE /* Pods-SwiftUIxVIP-SwiftUIxVIPTests.release.xcconfig */ = {isa = PBXFileReference; includeInIndex = 1; lastKnownFileType = text.xcconfig; name = "Pods-SwiftUIxVIP-SwiftUIxVIPTests.release.xcconfig"; path = "Target Support Files/Pods-SwiftUIxVIP-SwiftUIxVIPTests/Pods-SwiftUIxVIP-SwiftUIxVIPTests.release.xcconfig"; sourceTree = "<group>"; };
/* End PBXFileReference section */

/* Begin PBXFrameworksBuildPhase section */
		04BACE9D2A8A24B8000B1357 /* Frameworks */ = {
			isa = PBXFrameworksBuildPhase;
			buildActionMask = 2147483647;
			files = (
				392B65680EF8BB6131B96FDA /* Pods_SwiftUIxVIP_SwiftUIxVIPTests.framework in Frameworks */,
			);
			runOnlyForDeploymentPostprocessing = 0;
		};
		04CE7F182A88885A0069732B /* Frameworks */ = {
			isa = PBXFrameworksBuildPhase;
			buildActionMask = 2147483647;
			files = (
				9E482BFA865ABE92974C5DED /* Pods_SwiftUIxVIP.framework in Frameworks */,
			);
			runOnlyForDeploymentPostprocessing = 0;
		};
/* End PBXFrameworksBuildPhase section */

/* Begin PBXGroup section */
		042A8A212A88AEEE004E134C /* Profile */ = {
			isa = PBXGroup;
			children = (
				042A8A352A88AF30004E134C /* ProfilePresenter.swift */,
				042A8A372A88AF30004E134C /* ProfileRouter.swift */,
				042A8A382A88AF30004E134C /* ProfileModel.swift */,
				042A8A392A88AF30004E134C /* ProfileView.swift */,
				042A8A3A2A88AF30004E134C /* ProfileInteractor.swift */,
				042A8A3B2A88AF30004E134C /* ProfileConfigurator.swift */,
				042A8B322A89DC9F004E134C /* ProfileDataStore.swift */,
			);
			path = Profile;
			sourceTree = "<group>";
		};
		042A8A462A88C493004E134C /* Worker */ = {
			isa = PBXGroup;
			children = (
				042A8A362A88AF30004E134C /* ProfileWorker.swift */,
			);
			path = Worker;
			sourceTree = "<group>";
		};
		04BACE942A8A1359000B1357 /* Scenes */ = {
			isa = PBXGroup;
			children = (
				042A8A212A88AEEE004E134C /* Profile */,
			);
			path = Scenes;
			sourceTree = "<group>";
		};
		04BACEA12A8A24B8000B1357 /* SwiftUIxVIPTests */ = {
			isa = PBXGroup;
			children = (
				04BACEA92A8A24C7000B1357 /* Profile */,
			);
			path = SwiftUIxVIPTests;
			sourceTree = "<group>";
		};
		04BACEA92A8A24C7000B1357 /* Profile */ = {
			isa = PBXGroup;
			children = (
				04BACEA22A8A24B8000B1357 /* ProfileViewTests.swift */,
				04BACEAA2A8A2C9F000B1357 /* ProfileInteractorTests.swift */,
				04BACEAC2A8A3B0A000B1357 /* ProfilePresenterTests.swift */,
			);
			path = Profile;
			sourceTree = "<group>";
		};
		04CE7F122A88885A0069732B = {
			isa = PBXGroup;
			children = (
				04CE7F1D2A88885A0069732B /* SwiftUIxVIP */,
				04BACEA12A8A24B8000B1357 /* SwiftUIxVIPTests */,
				04CE7F1C2A88885A0069732B /* Products */,
				C2D2C295AD9CF6B6052F72F2 /* Pods */,
				6CF9AAD3F4CAB0B078CA210C /* Frameworks */,
			);
			sourceTree = "<group>";
		};
		04CE7F1C2A88885A0069732B /* Products */ = {
			isa = PBXGroup;
			children = (
				04CE7F1B2A88885A0069732B /* SwiftUIxVIP.app */,
				04BACEA02A8A24B8000B1357 /* SwiftUIxVIPTests.xctest */,
			);
			name = Products;
			sourceTree = "<group>";
		};
		04CE7F1D2A88885A0069732B /* SwiftUIxVIP */ = {
			isa = PBXGroup;
			children = (
				042A8B7A2A89EC9B004E134C /* Info.plist */,
				042A8A462A88C493004E134C /* Worker */,
				04BACE942A8A1359000B1357 /* Scenes */,
				04CE7F1E2A88885A0069732B /* SwiftUIxVIP.swift */,
				04CE7F222A88885A0069732B /* Assets.xcassets */,
				04CE7F242A88885A0069732B /* Preview Content */,
			);
			path = SwiftUIxVIP;
			sourceTree = "<group>";
		};
		04CE7F242A88885A0069732B /* Preview Content */ = {
			isa = PBXGroup;
			children = (
				04CE7F252A88885A0069732B /* Preview Assets.xcassets */,
			);
			path = "Preview Content";
			sourceTree = "<group>";
		};
		6CF9AAD3F4CAB0B078CA210C /* Frameworks */ = {
			isa = PBXGroup;
			children = (
				CA7C7385547462DEC3915019 /* Pods_SwiftUIxVIP.framework */,
				97C31D0742E20571286B87DF /* Pods_SwiftUIxVIP_SwiftUIxVIPTests.framework */,
			);
			name = Frameworks;
			sourceTree = "<group>";
		};
		C2D2C295AD9CF6B6052F72F2 /* Pods */ = {
			isa = PBXGroup;
			children = (
				9D58D703B24C06D77BC328C9 /* Pods-SwiftUIxVIP.debug.xcconfig */,
				C8CE9A06BD5322DABC55B4F4 /* Pods-SwiftUIxVIP.release.xcconfig */,
				4AB891A285482FE2ED58117A /* Pods-SwiftUIxVIP-SwiftUIxVIPTests.debug.xcconfig */,
				E9A02A37597CB017703951DE /* Pods-SwiftUIxVIP-SwiftUIxVIPTests.release.xcconfig */,
			);
			name = Pods;
			path = Pods;
			sourceTree = "<group>";
		};
/* End PBXGroup section */

/* Begin PBXNativeTarget section */
		04BACE9F2A8A24B8000B1357 /* SwiftUIxVIPTests */ = {
			isa = PBXNativeTarget;
			buildConfigurationList = 04BACEA62A8A24B8000B1357 /* Build configuration list for PBXNativeTarget "SwiftUIxVIPTests" */;
			buildPhases = (
				BDDFBD1AEA2C86A059FDABBD /* [CP] Check Pods Manifest.lock */,
				04BACE9C2A8A24B8000B1357 /* Sources */,
				04BACE9D2A8A24B8000B1357 /* Frameworks */,
				04BACE9E2A8A24B8000B1357 /* Resources */,
				44B14E77BE8161C63EB1E307 /* [CP] Embed Pods Frameworks */,
			);
			buildRules = (
			);
			dependencies = (
				04BACEA52A8A24B8000B1357 /* PBXTargetDependency */,
			);
			name = SwiftUIxVIPTests;
			productName = SwiftUIxVIPTests;
			productReference = 04BACEA02A8A24B8000B1357 /* SwiftUIxVIPTests.xctest */;
			productType = "com.apple.product-type.bundle.unit-test";
		};
		04CE7F1A2A88885A0069732B /* SwiftUIxVIP */ = {
			isa = PBXNativeTarget;
			buildConfigurationList = 04CE7F292A88885A0069732B /* Build configuration list for PBXNativeTarget "SwiftUIxVIP" */;
			buildPhases = (
				D73F769F4931019B537AECDB /* [CP] Check Pods Manifest.lock */,
				04CE7F172A88885A0069732B /* Sources */,
				04CE7F182A88885A0069732B /* Frameworks */,
				04CE7F192A88885A0069732B /* Resources */,
			);
			buildRules = (
			);
			dependencies = (
			);
			name = SwiftUIxVIP;
			productName = DemoVIP;
			productReference = 04CE7F1B2A88885A0069732B /* SwiftUIxVIP.app */;
			productType = "com.apple.product-type.application";
		};
/* End PBXNativeTarget section */

/* Begin PBXProject section */
		04CE7F132A88885A0069732B /* Project object */ = {
			isa = PBXProject;
			attributes = {
				BuildIndependentTargetsInParallel = 1;
				LastSwiftUpdateCheck = 1420;
				LastUpgradeCheck = 1420;
				TargetAttributes = {
					04BACE9F2A8A24B8000B1357 = {
						CreatedOnToolsVersion = 14.2;
						TestTargetID = 04CE7F1A2A88885A0069732B;
					};
					04CE7F1A2A88885A0069732B = {
						CreatedOnToolsVersion = 14.2;
					};
				};
			};
			buildConfigurationList = 04CE7F162A88885A0069732B /* Build configuration list for PBXProject "SwiftUIxVIP" */;
			compatibilityVersion = "Xcode 14.0";
			developmentRegion = en;
			hasScannedForEncodings = 0;
			knownRegions = (
				en,
				Base,
			);
			mainGroup = 04CE7F122A88885A0069732B;
			productRefGroup = 04CE7F1C2A88885A0069732B /* Products */;
			projectDirPath = "";
			projectRoot = "";
			targets = (
				04CE7F1A2A88885A0069732B /* SwiftUIxVIP */,
				04BACE9F2A8A24B8000B1357 /* SwiftUIxVIPTests */,
			);
		};
/* End PBXProject section */

/* Begin PBXResourcesBuildPhase section */
		04BACE9E2A8A24B8000B1357 /* Resources */ = {
			isa = PBXResourcesBuildPhase;
			buildActionMask = 2147483647;
			files = (
			);
			runOnlyForDeploymentPostprocessing = 0;
		};
		04CE7F192A88885A0069732B /* Resources */ = {
			isa = PBXResourcesBuildPhase;
			buildActionMask = 2147483647;
			files = (
				04CE7F262A88885A0069732B /* Preview Assets.xcassets in Resources */,
				04CE7F232A88885A0069732B /* Assets.xcassets in Resources */,
			);
			runOnlyForDeploymentPostprocessing = 0;
		};
/* End PBXResourcesBuildPhase section */

/* Begin PBXShellScriptBuildPhase section */
		44B14E77BE8161C63EB1E307 /* [CP] Embed Pods Frameworks */ = {
			isa = PBXShellScriptBuildPhase;
			buildActionMask = 2147483647;
			files = (
			);
			inputFileListPaths = (
				"${PODS_ROOT}/Target Support Files/Pods-SwiftUIxVIP-SwiftUIxVIPTests/Pods-SwiftUIxVIP-SwiftUIxVIPTests-frameworks-${CONFIGURATION}-input-files.xcfilelist",
			);
			name = "[CP] Embed Pods Frameworks";
			outputFileListPaths = (
				"${PODS_ROOT}/Target Support Files/Pods-SwiftUIxVIP-SwiftUIxVIPTests/Pods-SwiftUIxVIP-SwiftUIxVIPTests-frameworks-${CONFIGURATION}-output-files.xcfilelist",
			);
			runOnlyForDeploymentPostprocessing = 0;
			shellPath = /bin/sh;
			shellScript = "\"${PODS_ROOT}/Target Support Files/Pods-SwiftUIxVIP-SwiftUIxVIPTests/Pods-SwiftUIxVIP-SwiftUIxVIPTests-frameworks.sh\"\n";
			showEnvVarsInLog = 0;
		};
		BDDFBD1AEA2C86A059FDABBD /* [CP] Check Pods Manifest.lock */ = {
			isa = PBXShellScriptBuildPhase;
			buildActionMask = 2147483647;
			files = (
			);
			inputFileListPaths = (
			);
			inputPaths = (
				"${PODS_PODFILE_DIR_PATH}/Podfile.lock",
				"${PODS_ROOT}/Manifest.lock",
			);
			name = "[CP] Check Pods Manifest.lock";
			outputFileListPaths = (
			);
			outputPaths = (
				"$(DERIVED_FILE_DIR)/Pods-SwiftUIxVIP-SwiftUIxVIPTests-checkManifestLockResult.txt",
			);
			runOnlyForDeploymentPostprocessing = 0;
			shellPath = /bin/sh;
			shellScript = "diff \"${PODS_PODFILE_DIR_PATH}/Podfile.lock\" \"${PODS_ROOT}/Manifest.lock\" > /dev/null\nif [ $? != 0 ] ; then\n    # print error to STDERR\n    echo \"error: The sandbox is not in sync with the Podfile.lock. Run 'pod install' or update your CocoaPods installation.\" >&2\n    exit 1\nfi\n# This output is used by Xcode 'outputs' to avoid re-running this script phase.\necho \"SUCCESS\" > \"${SCRIPT_OUTPUT_FILE_0}\"\n";
			showEnvVarsInLog = 0;
		};
		D73F769F4931019B537AECDB /* [CP] Check Pods Manifest.lock */ = {
			isa = PBXShellScriptBuildPhase;
			buildActionMask = 2147483647;
			files = (
			);
			inputFileListPaths = (
			);
			inputPaths = (
				"${PODS_PODFILE_DIR_PATH}/Podfile.lock",
				"${PODS_ROOT}/Manifest.lock",
			);
			name = "[CP] Check Pods Manifest.lock";
			outputFileListPaths = (
			);
			outputPaths = (
				"$(DERIVED_FILE_DIR)/Pods-SwiftUIxVIP-checkManifestLockResult.txt",
			);
			runOnlyForDeploymentPostprocessing = 0;
			shellPath = /bin/sh;
			shellScript = "diff \"${PODS_PODFILE_DIR_PATH}/Podfile.lock\" \"${PODS_ROOT}/Manifest.lock\" > /dev/null\nif [ $? != 0 ] ; then\n    # print error to STDERR\n    echo \"error: The sandbox is not in sync with the Podfile.lock. Run 'pod install' or update your CocoaPods installation.\" >&2\n    exit 1\nfi\n# This output is used by Xcode 'outputs' to avoid re-running this script phase.\necho \"SUCCESS\" > \"${SCRIPT_OUTPUT_FILE_0}\"\n";
			showEnvVarsInLog = 0;
		};
/* End PBXShellScriptBuildPhase section */

/* Begin PBXSourcesBuildPhase section */
		04BACE9C2A8A24B8000B1357 /* Sources */ = {
			isa = PBXSourcesBuildPhase;
			buildActionMask = 2147483647;
			files = (
				04BACEAD2A8A3B0A000B1357 /* ProfilePresenterTests.swift in Sources */,
				04BACEAB2A8A2C9F000B1357 /* ProfileInteractorTests.swift in Sources */,
				04BACEA32A8A24B8000B1357 /* ProfileViewTests.swift in Sources */,
			);
			runOnlyForDeploymentPostprocessing = 0;
		};
		04CE7F172A88885A0069732B /* Sources */ = {
			isa = PBXSourcesBuildPhase;
			buildActionMask = 2147483647;
			files = (
				042A8B332A89DC9F004E134C /* ProfileDataStore.swift in Sources */,
				042A8A3F2A88AF30004E134C /* ProfileWorker.swift in Sources */,
				04CE7F1F2A88885A0069732B /* SwiftUIxVIP.swift in Sources */,
				042A8A412A88AF30004E134C /* ProfileModel.swift in Sources */,
				042A8A422A88AF30004E134C /* ProfileView.swift in Sources */,
				042A8A3E2A88AF30004E134C /* ProfilePresenter.swift in Sources */,
				042A8A432A88AF30004E134C /* ProfileInteractor.swift in Sources */,
				042A8A442A88AF30004E134C /* ProfileConfigurator.swift in Sources */,
				042A8A402A88AF30004E134C /* ProfileRouter.swift in Sources */,
			);
			runOnlyForDeploymentPostprocessing = 0;
		};
/* End PBXSourcesBuildPhase section */

/* Begin PBXTargetDependency section */
		04BACEA52A8A24B8000B1357 /* PBXTargetDependency */ = {
			isa = PBXTargetDependency;
			target = 04CE7F1A2A88885A0069732B /* SwiftUIxVIP */;
			targetProxy = 04BACEA42A8A24B8000B1357 /* PBXContainerItemProxy */;
		};
/* End PBXTargetDependency section */

/* Begin XCBuildConfiguration section */
		04BACEA72A8A24B8000B1357 /* Debug */ = {
			isa = XCBuildConfiguration;
			baseConfigurationReference = 4AB891A285482FE2ED58117A /* Pods-SwiftUIxVIP-SwiftUIxVIPTests.debug.xcconfig */;
			buildSettings = {
				BUNDLE_LOADER = "$(TEST_HOST)";
				CODE_SIGN_STYLE = Automatic;
				CURRENT_PROJECT_VERSION = 1;
				DEVELOPMENT_TEAM = 9L4ETSWFUJ;
				GENERATE_INFOPLIST_FILE = YES;
				MARKETING_VERSION = 1.0;
				PRODUCT_BUNDLE_IDENTIFIER = csukra.SwiftUIxVIPTests;
				PRODUCT_NAME = "$(TARGET_NAME)";
				SWIFT_EMIT_LOC_STRINGS = NO;
				SWIFT_VERSION = 5.0;
				TARGETED_DEVICE_FAMILY = "1,2";
				TEST_HOST = "$(BUILT_PRODUCTS_DIR)/SwiftUIxVIP.app/$(BUNDLE_EXECUTABLE_FOLDER_PATH)/SwiftUIxVIP";
			};
			name = Debug;
		};
		04BACEA82A8A24B8000B1357 /* Release */ = {
			isa = XCBuildConfiguration;
			baseConfigurationReference = E9A02A37597CB017703951DE /* Pods-SwiftUIxVIP-SwiftUIxVIPTests.release.xcconfig */;
			buildSettings = {
				BUNDLE_LOADER = "$(TEST_HOST)";
				CODE_SIGN_STYLE = Automatic;
				CURRENT_PROJECT_VERSION = 1;
				DEVELOPMENT_TEAM = 9L4ETSWFUJ;
				GENERATE_INFOPLIST_FILE = YES;
				MARKETING_VERSION = 1.0;
				PRODUCT_BUNDLE_IDENTIFIER = csukra.SwiftUIxVIPTests;
				PRODUCT_NAME = "$(TARGET_NAME)";
				SWIFT_EMIT_LOC_STRINGS = NO;
				SWIFT_VERSION = 5.0;
				TARGETED_DEVICE_FAMILY = "1,2";
				TEST_HOST = "$(BUILT_PRODUCTS_DIR)/SwiftUIxVIP.app/$(BUNDLE_EXECUTABLE_FOLDER_PATH)/SwiftUIxVIP";
			};
			name = Release;
		};
		04CE7F272A88885A0069732B /* Debug */ = {
			isa = XCBuildConfiguration;
			buildSettings = {
				ALWAYS_SEARCH_USER_PATHS = NO;
				CLANG_ANALYZER_NONNULL = YES;
				CLANG_ANALYZER_NUMBER_OBJECT_CONVERSION = YES_AGGRESSIVE;
				CLANG_CXX_LANGUAGE_STANDARD = "gnu++20";
				CLANG_ENABLE_MODULES = YES;
				CLANG_ENABLE_OBJC_ARC = YES;
				CLANG_ENABLE_OBJC_WEAK = YES;
				CLANG_WARN_BLOCK_CAPTURE_AUTORELEASING = YES;
				CLANG_WARN_BOOL_CONVERSION = YES;
				CLANG_WARN_COMMA = YES;
				CLANG_WARN_CONSTANT_CONVERSION = YES;
				CLANG_WARN_DEPRECATED_OBJC_IMPLEMENTATIONS = YES;
				CLANG_WARN_DIRECT_OBJC_ISA_USAGE = YES_ERROR;
				CLANG_WARN_DOCUMENTATION_COMMENTS = YES;
				CLANG_WARN_EMPTY_BODY = YES;
				CLANG_WARN_ENUM_CONVERSION = YES;
				CLANG_WARN_INFINITE_RECURSION = YES;
				CLANG_WARN_INT_CONVERSION = YES;
				CLANG_WARN_NON_LITERAL_NULL_CONVERSION = YES;
				CLANG_WARN_OBJC_IMPLICIT_RETAIN_SELF = YES;
				CLANG_WARN_OBJC_LITERAL_CONVERSION = YES;
				CLANG_WARN_OBJC_ROOT_CLASS = YES_ERROR;
				CLANG_WARN_QUOTED_INCLUDE_IN_FRAMEWORK_HEADER = YES;
				CLANG_WARN_RANGE_LOOP_ANALYSIS = YES;
				CLANG_WARN_STRICT_PROTOTYPES = YES;
				CLANG_WARN_SUSPICIOUS_MOVE = YES;
				CLANG_WARN_UNGUARDED_AVAILABILITY = YES_AGGRESSIVE;
				CLANG_WARN_UNREACHABLE_CODE = YES;
				CLANG_WARN__DUPLICATE_METHOD_MATCH = YES;
				COPY_PHASE_STRIP = NO;
				DEBUG_INFORMATION_FORMAT = dwarf;
				ENABLE_STRICT_OBJC_MSGSEND = YES;
				ENABLE_TESTABILITY = YES;
				GCC_C_LANGUAGE_STANDARD = gnu11;
				GCC_DYNAMIC_NO_PIC = NO;
				GCC_NO_COMMON_BLOCKS = YES;
				GCC_OPTIMIZATION_LEVEL = 0;
				GCC_PREPROCESSOR_DEFINITIONS = (
					"DEBUG=1",
					"$(inherited)",
				);
				GCC_WARN_64_TO_32_BIT_CONVERSION = YES;
				GCC_WARN_ABOUT_RETURN_TYPE = YES_ERROR;
				GCC_WARN_UNDECLARED_SELECTOR = YES;
				GCC_WARN_UNINITIALIZED_AUTOS = YES_AGGRESSIVE;
				GCC_WARN_UNUSED_FUNCTION = YES;
				GCC_WARN_UNUSED_VARIABLE = YES;
				IPHONEOS_DEPLOYMENT_TARGET = 16.2;
				MTL_ENABLE_DEBUG_INFO = INCLUDE_SOURCE;
				MTL_FAST_MATH = YES;
				ONLY_ACTIVE_ARCH = YES;
				SDKROOT = iphoneos;
				SWIFT_ACTIVE_COMPILATION_CONDITIONS = DEBUG;
				SWIFT_OPTIMIZATION_LEVEL = "-Onone";
			};
			name = Debug;
		};
		04CE7F282A88885A0069732B /* Release */ = {
			isa = XCBuildConfiguration;
			buildSettings = {
				ALWAYS_SEARCH_USER_PATHS = NO;
				CLANG_ANALYZER_NONNULL = YES;
				CLANG_ANALYZER_NUMBER_OBJECT_CONVERSION = YES_AGGRESSIVE;
				CLANG_CXX_LANGUAGE_STANDARD = "gnu++20";
				CLANG_ENABLE_MODULES = YES;
				CLANG_ENABLE_OBJC_ARC = YES;
				CLANG_ENABLE_OBJC_WEAK = YES;
				CLANG_WARN_BLOCK_CAPTURE_AUTORELEASING = YES;
				CLANG_WARN_BOOL_CONVERSION = YES;
				CLANG_WARN_COMMA = YES;
				CLANG_WARN_CONSTANT_CONVERSION = YES;
				CLANG_WARN_DEPRECATED_OBJC_IMPLEMENTATIONS = YES;
				CLANG_WARN_DIRECT_OBJC_ISA_USAGE = YES_ERROR;
				CLANG_WARN_DOCUMENTATION_COMMENTS = YES;
				CLANG_WARN_EMPTY_BODY = YES;
				CLANG_WARN_ENUM_CONVERSION = YES;
				CLANG_WARN_INFINITE_RECURSION = YES;
				CLANG_WARN_INT_CONVERSION = YES;
				CLANG_WARN_NON_LITERAL_NULL_CONVERSION = YES;
				CLANG_WARN_OBJC_IMPLICIT_RETAIN_SELF = YES;
				CLANG_WARN_OBJC_LITERAL_CONVERSION = YES;
				CLANG_WARN_OBJC_ROOT_CLASS = YES_ERROR;
				CLANG_WARN_QUOTED_INCLUDE_IN_FRAMEWORK_HEADER = YES;
				CLANG_WARN_RANGE_LOOP_ANALYSIS = YES;
				CLANG_WARN_STRICT_PROTOTYPES = YES;
				CLANG_WARN_SUSPICIOUS_MOVE = YES;
				CLANG_WARN_UNGUARDED_AVAILABILITY = YES_AGGRESSIVE;
				CLANG_WARN_UNREACHABLE_CODE = YES;
				CLANG_WARN__DUPLICATE_METHOD_MATCH = YES;
				COPY_PHASE_STRIP = NO;
				DEBUG_INFORMATION_FORMAT = "dwarf-with-dsym";
				ENABLE_NS_ASSERTIONS = NO;
				ENABLE_STRICT_OBJC_MSGSEND = YES;
				GCC_C_LANGUAGE_STANDARD = gnu11;
				GCC_NO_COMMON_BLOCKS = YES;
				GCC_WARN_64_TO_32_BIT_CONVERSION = YES;
				GCC_WARN_ABOUT_RETURN_TYPE = YES_ERROR;
				GCC_WARN_UNDECLARED_SELECTOR = YES;
				GCC_WARN_UNINITIALIZED_AUTOS = YES_AGGRESSIVE;
				GCC_WARN_UNUSED_FUNCTION = YES;
				GCC_WARN_UNUSED_VARIABLE = YES;
				IPHONEOS_DEPLOYMENT_TARGET = 16.2;
				MTL_ENABLE_DEBUG_INFO = NO;
				MTL_FAST_MATH = YES;
				SDKROOT = iphoneos;
				SWIFT_COMPILATION_MODE = wholemodule;
				SWIFT_OPTIMIZATION_LEVEL = "-O";
				VALIDATE_PRODUCT = YES;
			};
			name = Release;
		};
		04CE7F2A2A88885A0069732B /* Debug */ = {
			isa = XCBuildConfiguration;
			baseConfigurationReference = 9D58D703B24C06D77BC328C9 /* Pods-SwiftUIxVIP.debug.xcconfig */;
			buildSettings = {
				ASSETCATALOG_COMPILER_APPICON_NAME = AppIcon;
				ASSETCATALOG_COMPILER_GLOBAL_ACCENT_COLOR_NAME = AccentColor;
				CODE_SIGN_STYLE = Automatic;
				CURRENT_PROJECT_VERSION = 1;
				DEVELOPMENT_ASSET_PATHS = "\"SwiftUIxVIP/Preview Content\"";
				DEVELOPMENT_TEAM = 9L4ETSWFUJ;
				ENABLE_PREVIEWS = YES;
				GENERATE_INFOPLIST_FILE = YES;
				INFOPLIST_FILE = SwiftUIxVIP/Info.plist;
				INFOPLIST_KEY_UIApplicationSupportsIndirectInputEvents = YES;
				INFOPLIST_KEY_UILaunchScreen_Generation = YES;
				INFOPLIST_KEY_UISupportedInterfaceOrientations_iPad = "UIInterfaceOrientationPortrait UIInterfaceOrientationPortraitUpsideDown UIInterfaceOrientationLandscapeLeft UIInterfaceOrientationLandscapeRight";
				INFOPLIST_KEY_UISupportedInterfaceOrientations_iPhone = "UIInterfaceOrientationPortrait UIInterfaceOrientationLandscapeLeft UIInterfaceOrientationLandscapeRight";
				LD_RUNPATH_SEARCH_PATHS = (
					"$(inherited)",
					"@executable_path/Frameworks",
				);
				MARKETING_VERSION = 1.0;
				PRODUCT_BUNDLE_IDENTIFIER = csukra.DemoVIP;
				PRODUCT_NAME = "$(TARGET_NAME)";
				SWIFT_EMIT_LOC_STRINGS = YES;
				SWIFT_VERSION = 5.0;
				TARGETED_DEVICE_FAMILY = "1,2";
			};
			name = Debug;
		};
		04CE7F2B2A88885A0069732B /* Release */ = {
			isa = XCBuildConfiguration;
			baseConfigurationReference = C8CE9A06BD5322DABC55B4F4 /* Pods-SwiftUIxVIP.release.xcconfig */;
			buildSettings = {
				ASSETCATALOG_COMPILER_APPICON_NAME = AppIcon;
				ASSETCATALOG_COMPILER_GLOBAL_ACCENT_COLOR_NAME = AccentColor;
				CODE_SIGN_STYLE = Automatic;
				CURRENT_PROJECT_VERSION = 1;
				DEVELOPMENT_ASSET_PATHS = "\"SwiftUIxVIP/Preview Content\"";
				DEVELOPMENT_TEAM = 9L4ETSWFUJ;
				ENABLE_PREVIEWS = YES;
				GENERATE_INFOPLIST_FILE = YES;
				INFOPLIST_FILE = SwiftUIxVIP/Info.plist;
				INFOPLIST_KEY_UIApplicationSupportsIndirectInputEvents = YES;
				INFOPLIST_KEY_UILaunchScreen_Generation = YES;
				INFOPLIST_KEY_UISupportedInterfaceOrientations_iPad = "UIInterfaceOrientationPortrait UIInterfaceOrientationPortraitUpsideDown UIInterfaceOrientationLandscapeLeft UIInterfaceOrientationLandscapeRight";
				INFOPLIST_KEY_UISupportedInterfaceOrientations_iPhone = "UIInterfaceOrientationPortrait UIInterfaceOrientationLandscapeLeft UIInterfaceOrientationLandscapeRight";
				LD_RUNPATH_SEARCH_PATHS = (
					"$(inherited)",
					"@executable_path/Frameworks",
				);
				MARKETING_VERSION = 1.0;
				PRODUCT_BUNDLE_IDENTIFIER = csukra.DemoVIP;
				PRODUCT_NAME = "$(TARGET_NAME)";
				SWIFT_EMIT_LOC_STRINGS = YES;
				SWIFT_VERSION = 5.0;
				TARGETED_DEVICE_FAMILY = "1,2";
			};
			name = Release;
		};
/* End XCBuildConfiguration section */

/* Begin XCConfigurationList section */
		04BACEA62A8A24B8000B1357 /* Build configuration list for PBXNativeTarget "SwiftUIxVIPTests" */ = {
			isa = XCConfigurationList;
			buildConfigurations = (
				04BACEA72A8A24B8000B1357 /* Debug */,
				04BACEA82A8A24B8000B1357 /* Release */,
			);
			defaultConfigurationIsVisible = 0;
			defaultConfigurationName = Release;
		};
		04CE7F162A88885A0069732B /* Build configuration list for PBXProject "SwiftUIxVIP" */ = {
			isa = XCConfigurationList;
			buildConfigurations = (
				04CE7F272A88885A0069732B /* Debug */,
				04CE7F282A88885A0069732B /* Release */,
			);
			defaultConfigurationIsVisible = 0;
			defaultConfigurationName = Release;
		};
		04CE7F292A88885A0069732B /* Build configuration list for PBXNativeTarget "SwiftUIxVIP" */ = {
			isa = XCConfigurationList;
			buildConfigurations = (
				04CE7F2A2A88885A0069732B /* Debug */,
				04CE7F2B2A88885A0069732B /* Release */,
			);
			defaultConfigurationIsVisible = 0;
			defaultConfigurationName = Release;
		};
/* End XCConfigurationList section */
	};
	rootObject = 04CE7F132A88885A0069732B /* Project object */;
}
